
Microsoft Visual Studio Solution File, Format Version 12.00
# Visual Studio Version 17
VisualStudioVersion = 17.6.33815.320
MinimumVisualStudioVersion = 10.0.40219.1
Project("{9A19103F-16F7-4668-BE54-9A1E7A4F7556}") = "TecSystem", "TecSystem.csproj", "{8B1AE683-3987-4CBB-A042-C51346E3BEF3}"
EndProject
Project("{FAE04EC0-301F-11D3-BF4B-00C04F79EFBC}") = "TecSystemTeste", "..\TecSystemTeste\TecSystemTeste.csproj", "{F8591869-79D4-409D-9F77-6D33D4082946}"
EndProject
Global
	GlobalSection(SolutionConfigurationPlatforms) = preSolution
		Debug|Any CPU = Debug|Any CPU
		Release|Any CPU = Release|Any CPU
	EndGlobalSection
	GlobalSection(ProjectConfigurationPlatforms) = postSolution
		{8B1AE683-3987-4CBB-A042-C51346E3BEF3}.Debug|Any CPU.ActiveCfg = Debug|Any CPU
		{8B1AE683-3987-4CBB-A042-C51346E3BEF3}.Debug|Any CPU.Build.0 = Debug|Any CPU
		{8B1AE683-3987-4CBB-A042-C51346E3BEF3}.Release|Any CPU.ActiveCfg = Release|Any CPU
		{8B1AE683-3987-4CBB-A042-C51346E3BEF3}.Release|Any CPU.Build.0 = Release|Any CPU
		{F8591869-79D4-409D-9F77-6D33D4082946}.Debug|Any CPU.ActiveCfg = Debug|Any CPU
		{F8591869-79D4-409D-9F77-6D33D4082946}.Debug|Any CPU.Build.0 = Debug|Any CPU
		{F8591869-79D4-409D-9F77-6D33D4082946}.Release|Any CPU.ActiveCfg = Release|Any CPU
		{F8591869-79D4-409D-9F77-6D33D4082946}.Release|Any CPU.Build.0 = Release|Any CPU
	EndGlobalSection
	GlobalSection(SolutionProperties) = preSolution
		HideSolutionNode = FALSE
	EndGlobalSection
	GlobalSection(ExtensibilityGlobals) = postSolution
		SolutionGuid = {9281A5A0-BB37-4C48-8E38-52BA4FF03798}
	EndGlobalSection
EndGlobal
